
Microsoft Visual Studio Solution File, Format Version 12.00
# Visual Studio Version 16
VisualStudioVersion = 16.0.30804.86
MinimumVisualStudioVersion = 10.0.40219.1
Project("{FAE04EC0-301F-11D3-BF4B-00C04F79EFBC}") = "CTrlSoft.App", "CTrlSoft.App\CTrlSoft.App.csproj", "{16AA8383-B86E-478D-88DD-3CF31AEFF45B}"
EndProject
Project("{FAE04EC0-301F-11D3-BF4B-00C04F79EFBC}") = "CTrlSoft.Dto", "CTrlSoft.Dto\CTrlSoft.Dto.csproj", "{20197649-3F23-41A7-BE13-F40AEF283BDE}"
EndProject
Project("{9A19103F-16F7-4668-BE54-9A1E7A4F7556}") = "CTrlSoft.Core.Api", "CTrlSoft.Core.API\CTrlSoft.Core.Api.csproj", "{C1F8A064-090D-4A8B-B65A-796796066F97}"
EndProject
Project("{FAE04EC0-301F-11D3-BF4B-00C04F79EFBC}") = "CTrlSoft.Core.Repository", "CTrlSoft.Core.Repository\CTrlSoft.Core.Repository.csproj", "{A320E1EC-304A-4224-9EE0-6DE18AA0EEB6}"
EndProject
Project("{FAE04EC0-301F-11D3-BF4B-00C04F79EFBC}") = "CTrlSoft.Repository", "CTrlSoft.Repository\CTrlSoft.Repository.csproj", "{0E71297E-7B27-49E0-85F9-60B89242129E}"
EndProject
Global
	GlobalSection(SolutionConfigurationPlatforms) = preSolution
		Debug|Any CPU = Debug|Any CPU
		Release|Any CPU = Release|Any CPU
	EndGlobalSection
	GlobalSection(ProjectConfigurationPlatforms) = postSolution
		{16AA8383-B86E-478D-88DD-3CF31AEFF45B}.Debug|Any CPU.ActiveCfg = Debug|Any CPU
		{16AA8383-B86E-478D-88DD-3CF31AEFF45B}.Debug|Any CPU.Build.0 = Debug|Any CPU
		{16AA8383-B86E-478D-88DD-3CF31AEFF45B}.Release|Any CPU.ActiveCfg = Release|Any CPU
		{16AA8383-B86E-478D-88DD-3CF31AEFF45B}.Release|Any CPU.Build.0 = Release|Any CPU
		{20197649-3F23-41A7-BE13-F40AEF283BDE}.Debug|Any CPU.ActiveCfg = Debug|Any CPU
		{20197649-3F23-41A7-BE13-F40AEF283BDE}.Debug|Any CPU.Build.0 = Debug|Any CPU
		{20197649-3F23-41A7-BE13-F40AEF283BDE}.Release|Any CPU.ActiveCfg = Release|Any CPU
		{20197649-3F23-41A7-BE13-F40AEF283BDE}.Release|Any CPU.Build.0 = Release|Any CPU
		{C1F8A064-090D-4A8B-B65A-796796066F97}.Debug|Any CPU.ActiveCfg = Debug|Any CPU
		{C1F8A064-090D-4A8B-B65A-796796066F97}.Debug|Any CPU.Build.0 = Debug|Any CPU
		{C1F8A064-090D-4A8B-B65A-796796066F97}.Release|Any CPU.ActiveCfg = Release|Any CPU
		{C1F8A064-090D-4A8B-B65A-796796066F97}.Release|Any CPU.Build.0 = Release|Any CPU
		{A320E1EC-304A-4224-9EE0-6DE18AA0EEB6}.Debug|Any CPU.ActiveCfg = Debug|Any CPU
		{A320E1EC-304A-4224-9EE0-6DE18AA0EEB6}.Debug|Any CPU.Build.0 = Debug|Any CPU
		{A320E1EC-304A-4224-9EE0-6DE18AA0EEB6}.Release|Any CPU.ActiveCfg = Release|Any CPU
		{A320E1EC-304A-4224-9EE0-6DE18AA0EEB6}.Release|Any CPU.Build.0 = Release|Any CPU
		{0E71297E-7B27-49E0-85F9-60B89242129E}.Debug|Any CPU.ActiveCfg = Debug|Any CPU
		{0E71297E-7B27-49E0-85F9-60B89242129E}.Debug|Any CPU.Build.0 = Debug|Any CPU
		{0E71297E-7B27-49E0-85F9-60B89242129E}.Release|Any CPU.ActiveCfg = Release|Any CPU
		{0E71297E-7B27-49E0-85F9-60B89242129E}.Release|Any CPU.Build.0 = Release|Any CPU
	EndGlobalSection
	GlobalSection(SolutionProperties) = preSolution
		HideSolutionNode = FALSE
	EndGlobalSection
	GlobalSection(ExtensibilityGlobals) = postSolution
		SolutionGuid = {6157DA82-0070-459B-AD7F-FF7FCE32CD66}
	EndGlobalSection
EndGlobal
