
Microsoft Visual Studio Solution File, Format Version 12.00
# Visual Studio Version 16
VisualStudioVersion = 16.0.30804.86
MinimumVisualStudioVersion = 10.0.40219.1
Project("{FAE04EC0-301F-11D3-BF4B-00C04F79EFBC}") = "CTrlSoft.Dto", "CTrlSoft.Dto\CTrlSoft.Dto.csproj", "{20197649-3F23-41A7-BE13-F40AEF283BDE}"
EndProject
Project("{9A19103F-16F7-4668-BE54-9A1E7A4F7556}") = "CTrlSoft.Core.Api", "CTrlSoft.Core.API\CTrlSoft.Core.Api.csproj", "{C1F8A064-090D-4A8B-B65A-796796066F97}"
EndProject
Project("{FAE04EC0-301F-11D3-BF4B-00C04F79EFBC}") = "CTrlSoft.Repository", "CTrlSoft.Repository\CTrlSoft.Repository.csproj", "{0E71297E-7B27-49E0-85F9-60B89242129E}"
EndProject
Project("{FAE04EC0-301F-11D3-BF4B-00C04F79EFBC}") = "CTrlSoft.BLL.Master", "CTrlSoft.BLL\CTrlSoft.BLL.Master\CTrlSoft.BLL.Master.csproj", "{B4FE6808-F68E-4C42-A0C6-B73F8851EF09}"
EndProject
Project("{2150E333-8FDC-42A3-9474-1A3956D46DE8}") = "CTrlSoft.BLL", "CTrlSoft.BLL", "{60C030EC-1D18-4254-987B-5A729BFEADE6}"
EndProject
Project("{2150E333-8FDC-42A3-9474-1A3956D46DE8}") = "Solution Items", "Solution Items", "{CB0D53C9-E77D-440C-9D4B-8AC218BAF11A}"
	ProjectSection(SolutionItems) = preProject
		.editorconfig = .editorconfig
	EndProjectSection
EndProject
Project("{FAE04EC0-301F-11D3-BF4B-00C04F79EFBC}") = "CTrlSoft.BLL.System", "CTrlSoft.BLL\CTrlSoft.BLL.System\CTrlSoft.BLL.System.csproj", "{ED440B9B-1526-4F53-952F-F24F156DC4CA}"
EndProject
Project("{FAE04EC0-301F-11D3-BF4B-00C04F79EFBC}") = "CTrlSoft.SApp", "CTrlSoft.SApp\CTrlSoft.SApp.csproj", "{85D5AE08-4EB8-470E-B39A-B531CC9AF1DC}"
EndProject
Global
	GlobalSection(SolutionConfigurationPlatforms) = preSolution
		Debug|Any CPU = Debug|Any CPU
		Release|Any CPU = Release|Any CPU
	EndGlobalSection
	GlobalSection(ProjectConfigurationPlatforms) = postSolution
		{20197649-3F23-41A7-BE13-F40AEF283BDE}.Debug|Any CPU.ActiveCfg = Debug|Any CPU
		{20197649-3F23-41A7-BE13-F40AEF283BDE}.Debug|Any CPU.Build.0 = Debug|Any CPU
		{20197649-3F23-41A7-BE13-F40AEF283BDE}.Release|Any CPU.ActiveCfg = Release|Any CPU
		{20197649-3F23-41A7-BE13-F40AEF283BDE}.Release|Any CPU.Build.0 = Release|Any CPU
		{C1F8A064-090D-4A8B-B65A-796796066F97}.Debug|Any CPU.ActiveCfg = Debug|Any CPU
		{C1F8A064-090D-4A8B-B65A-796796066F97}.Debug|Any CPU.Build.0 = Debug|Any CPU
		{C1F8A064-090D-4A8B-B65A-796796066F97}.Release|Any CPU.ActiveCfg = Release|Any CPU
		{C1F8A064-090D-4A8B-B65A-796796066F97}.Release|Any CPU.Build.0 = Release|Any CPU
		{0E71297E-7B27-49E0-85F9-60B89242129E}.Debug|Any CPU.ActiveCfg = Debug|Any CPU
		{0E71297E-7B27-49E0-85F9-60B89242129E}.Debug|Any CPU.Build.0 = Debug|Any CPU
		{0E71297E-7B27-49E0-85F9-60B89242129E}.Release|Any CPU.ActiveCfg = Release|Any CPU
		{0E71297E-7B27-49E0-85F9-60B89242129E}.Release|Any CPU.Build.0 = Release|Any CPU
		{B4FE6808-F68E-4C42-A0C6-B73F8851EF09}.Debug|Any CPU.ActiveCfg = Debug|Any CPU
		{B4FE6808-F68E-4C42-A0C6-B73F8851EF09}.Debug|Any CPU.Build.0 = Debug|Any CPU
		{B4FE6808-F68E-4C42-A0C6-B73F8851EF09}.Release|Any CPU.ActiveCfg = Release|Any CPU
		{B4FE6808-F68E-4C42-A0C6-B73F8851EF09}.Release|Any CPU.Build.0 = Release|Any CPU
		{ED440B9B-1526-4F53-952F-F24F156DC4CA}.Debug|Any CPU.ActiveCfg = Debug|Any CPU
		{ED440B9B-1526-4F53-952F-F24F156DC4CA}.Debug|Any CPU.Build.0 = Debug|Any CPU
		{ED440B9B-1526-4F53-952F-F24F156DC4CA}.Release|Any CPU.ActiveCfg = Release|Any CPU
		{ED440B9B-1526-4F53-952F-F24F156DC4CA}.Release|Any CPU.Build.0 = Release|Any CPU
		{85D5AE08-4EB8-470E-B39A-B531CC9AF1DC}.Debug|Any CPU.ActiveCfg = Debug|Any CPU
		{85D5AE08-4EB8-470E-B39A-B531CC9AF1DC}.Debug|Any CPU.Build.0 = Debug|Any CPU
		{85D5AE08-4EB8-470E-B39A-B531CC9AF1DC}.Release|Any CPU.ActiveCfg = Release|Any CPU
		{85D5AE08-4EB8-470E-B39A-B531CC9AF1DC}.Release|Any CPU.Build.0 = Release|Any CPU
	EndGlobalSection
	GlobalSection(SolutionProperties) = preSolution
		HideSolutionNode = FALSE
	EndGlobalSection
	GlobalSection(NestedProjects) = preSolution
		{B4FE6808-F68E-4C42-A0C6-B73F8851EF09} = {60C030EC-1D18-4254-987B-5A729BFEADE6}
		{ED440B9B-1526-4F53-952F-F24F156DC4CA} = {60C030EC-1D18-4254-987B-5A729BFEADE6}
	EndGlobalSection
	GlobalSection(ExtensibilityGlobals) = postSolution
		SolutionGuid = {6157DA82-0070-459B-AD7F-FF7FCE32CD66}
	EndGlobalSection
EndGlobal
